
Microsoft Visual Studio Solution File, Format Version 11.00
# Visual Studio 2010
Project("{FAE04EC0-301F-11D3-BF4B-00C04F79EFBC}") = "ProbandoLibreria", "ProbandoLibreria\ProbandoLibreria.csproj", "{4E2E9BB6-3DB6-45A5-9C93-EBD6BAFD254D}"
EndProject
Global
	GlobalSection(SolutionConfigurationPlatforms) = preSolution
		Debug|x86 = Debug|x86
		Release|x86 = Release|x86
	EndGlobalSection
	GlobalSection(ProjectConfigurationPlatforms) = postSolution
		{4E2E9BB6-3DB6-45A5-9C93-EBD6BAFD254D}.Debug|x86.ActiveCfg = Debug|x86
		{4E2E9BB6-3DB6-45A5-9C93-EBD6BAFD254D}.Debug|x86.Build.0 = Debug|x86
		{4E2E9BB6-3DB6-45A5-9C93-EBD6BAFD254D}.Release|x86.ActiveCfg = Release|x86
		{4E2E9BB6-3DB6-45A5-9C93-EBD6BAFD254D}.Release|x86.Build.0 = Release|x86
	EndGlobalSection
	GlobalSection(MonoDevelopProperties) = preSolution
		StartupItem = ProbandoLibreria\ProbandoLibreria.csproj
	EndGlobalSection
EndGlobal
